// !$*UTF8*$!
{
	archiveVersion = 1;
	classes = {
	};
	objectVersion = 46;
	objects = {

/* Begin PBXBuildFile section */
		0207DA581B56EA530066E2B4 /* Images.xcassets in Resources */ = {isa = PBXBuildFile; fileRef = 0207DA571B56EA530066E2B4 /* Images.xcassets */; };
		0DDC1EE9E7B94884A4857164 /* libLibSimpleConfig.a in Frameworks */ = {isa = PBXBuildFile; fileRef = 3A5ADD91EDA743EB8CFE01CD /* libLibSimpleConfig.a */; };
		13520C5616834322BCAACC4E /* libEsptouch_v0.3.5.2.a in Frameworks */ = {isa = PBXBuildFile; fileRef = A6473CE182134E789BB4943E /* libEsptouch_v0.3.5.2.a */; };
		14095A60AE31481E8B5622A1 /* zxing-all-in-one.cpp in Sources */ = {isa = PBXBuildFile; fileRef = 635E44A202C742CFA683D78A /* zxing-all-in-one.cpp */; };
		154572A7FA5A496BBF5480A5 /* GizWifiDeviceModule.m in Sources */ = {isa = PBXBuildFile; fileRef = 55FC922E3B8545799C8F87E4 /* GizWifiDeviceModule.m */; };
		16693ED1545844F38F4AC3BD /* CoreMedia.framework in Frameworks */ = {isa = PBXBuildFile; fileRef = EAC58027B57A4DBBB63763C3 /* CoreMedia.framework */; };
		1D3623260D0F684500981E51 /* AppDelegate.m in Sources */ = {isa = PBXBuildFile; fileRef = 1D3623250D0F684500981E51 /* AppDelegate.m */; };
		1D60589B0D05DD56006BFB54 /* main.m in Sources */ = {isa = PBXBuildFile; fileRef = 29B97316FDCFA39411CA2CEA /* main.m */; };
		213AB73997354BF49F12BA18 /* CDVVibration.m in Sources */ = {isa = PBXBuildFile; fileRef = F5F2B1C00F9743788CAFD775 /* CDVVibration.m */; };
		25E62CCBCF7C4447B33AB709 /* CoreData.framework in Frameworks */ = {isa = PBXBuildFile; fileRef = A98D8CBEEB2C434F96180C0E /* CoreData.framework */; };
		274B7BE35128425E9953288C /* NXWWifiWizard.m in Sources */ = {isa = PBXBuildFile; fileRef = FFF885983FBA48409533918C /* NXWWifiWizard.m */; };
		28899C6A665A47C4AB3D0E2B /* NSDictionaryUtils.m in Sources */ = {isa = PBXBuildFile; fileRef = 0F6A2E37BFAC449194BC5E82 /* NSDictionaryUtils.m */; };
		28E6EDF5ABF94A03B3F2CEC1 /* libBLEasyConfig.a in Frameworks */ = {isa = PBXBuildFile; fileRef = 5B2767697AAC425EB91F9146 /* libBLEasyConfig.a */; };
		301BF552109A68D80062928A /* libCordova.a in Frameworks */ = {isa = PBXBuildFile; fileRef = 301BF535109A57CC0062928A /* libCordova.a */; };
		302D95F114D2391D003F00A1 /* MainViewController.m in Sources */ = {isa = PBXBuildFile; fileRef = 302D95EF14D2391D003F00A1 /* MainViewController.m */; };
		302D95F214D2391D003F00A1 /* MainViewController.xib in Resources */ = {isa = PBXBuildFile; fileRef = 302D95F014D2391D003F00A1 /* MainViewController.xib */; };
		35B8EC851F1C868200426AE4 /* UMMobClick.framework in Frameworks */ = {isa = PBXBuildFile; fileRef = 35B8EC841F1C868200426AE4 /* UMMobClick.framework */; };
		3D69EAECA7524EB78859D8EB /* GizWifiSDKCache.m in Sources */ = {isa = PBXBuildFile; fileRef = ABF0831BE3E0482D8FCE64AD /* GizWifiSDKCache.m */; };
		474022FAD55E4A4582E17C44 /* AudioToolbox.framework in Frameworks */ = {isa = PBXBuildFile; fileRef = 33D68D32418E4CE1BA65EDB0 /* AudioToolbox.framework */; };
		4BBEF18C8E77401A96D577DF /* CDVSplashScreen.m in Sources */ = {isa = PBXBuildFile; fileRef = 3EA7508804AC43C7ADA103D8 /* CDVSplashScreen.m */; };
		5165DA6BD0F946E5A53DEDE8 /* CDVConnection.m in Sources */ = {isa = PBXBuildFile; fileRef = 854A0253AD5A4633B5ABB250 /* CDVConnection.m */; };
		51ED29F0CC814FEE990DA144 /* CDVBarcodeScanner.bundle in Resources */ = {isa = PBXBuildFile; fileRef = 317980969F8D43A4BC3C070B /* CDVBarcodeScanner.bundle */; };
		5332298B38114B4A8769CFAC /* QuickLook.framework in Frameworks */ = {isa = PBXBuildFile; fileRef = 630C4F33D09A4FEA8611F4BB /* QuickLook.framework */; };
		60B21FA2E1FC43E8A241F25A /* CDVViewController+SplashScreen.m in Sources */ = {isa = PBXBuildFile; fileRef = 86604597E4F7498ABA782FA5 /* CDVViewController+SplashScreen.m */; };
		6432254109064B61B98BCB07 /* CDVDevice.m in Sources */ = {isa = PBXBuildFile; fileRef = FF4E487325984F7D9796CA38 /* CDVDevice.m */; };
		6737F4BBE362406BA01E6025 /* MessageUI.framework in Frameworks */ = {isa = PBXBuildFile; fileRef = ED8C358201534E5195EE6499 /* MessageUI.framework */; };
		67CFBC9D766B4E088DCDC661 /* CoreImage.framework in Frameworks */ = {isa = PBXBuildFile; fileRef = 6F7A275AC88A43BAA79D597C /* CoreImage.framework */; };
		69DB5C7BB6D64CC6A0EE3BF9 /* Foundation.framework in Frameworks */ = {isa = PBXBuildFile; fileRef = E95DA4F71A41476C85893BA8 /* Foundation.framework */; };
		6AD523EE99C442A19EAEA2B3 /* libWMOneShotConfig.a in Frameworks */ = {isa = PBXBuildFile; fileRef = 4C3AF56B9A644F21B99C2AF0 /* libWMOneShotConfig.a */; };
		6AFF5BF91D6E424B00AB3073 /* CDVLaunchScreen.storyboard in Resources */ = {isa = PBXBuildFile; fileRef = 6AFF5BF81D6E424B00AB3073 /* CDVLaunchScreen.storyboard */; };
		6EC59AA0F44947BBBBEDA6A6 /* CoreVideo.framework in Frameworks */ = {isa = PBXBuildFile; fileRef = 6CDF2B653EB84F5EB2C9E3DC /* CoreVideo.framework */; };
		74B72BCE09C24B4287C5A8B6 /* GizWifiDef.m in Sources */ = {isa = PBXBuildFile; fileRef = 0604B5DBE1DF4CFE9B26E69C /* GizWifiDef.m */; };
		78B6FEA8C374431BAD2B4BB0 /* libssl.a in Frameworks */ = {isa = PBXBuildFile; fileRef = 4F44AB390ACE43B4826FC1A2 /* libssl.a */; };
		7A2A940FB66F4C6BB6AEC6EA /* GizWifiSDK.a in Frameworks */ = {isa = PBXBuildFile; fileRef = 18A57CABE1E34171B852A891 /* GizWifiSDK.a */; };
		85A9595E46EB4D0BB6C18F61 /* UIKit.framework in Frameworks */ = {isa = PBXBuildFile; fileRef = 3839700D963241E084AA30D0 /* UIKit.framework */; };
		87819F0A6EB3435FA098989D /* GizWifiCacheCommon.m in Sources */ = {isa = PBXBuildFile; fileRef = 3334A4EA2B19469888A05486 /* GizWifiCacheCommon.m */; };
		91DC850B22CD40AA9BDCE991 /* QuartzCore.framework in Frameworks */ = {isa = PBXBuildFile; fileRef = 773ECDD7FBB94DE38F747D06 /* QuartzCore.framework */; };
		92567237277140F094EC5607 /* libcrypto.a in Frameworks */ = {isa = PBXBuildFile; fileRef = 460F9D19AA06401EB02F6B2C /* libcrypto.a */; };
		99EA14E4C8A54CC7BDC2CEB5 /* libiconv.dylib in Frameworks */ = {isa = PBXBuildFile; fileRef = B5A212C3BC59415CBDD676F3 /* libiconv.dylib */; };
		9C1CD19779BC41DCB657914C /* CDVStatusBar.m in Sources */ = {isa = PBXBuildFile; fileRef = DE74AEC6E8C04F0A8A224B3F /* CDVStatusBar.m */; };
		9D5A6BD470C9460C82B5DF78 /* GizWifiCordovaSDK.m in Sources */ = {isa = PBXBuildFile; fileRef = D42A4C4358CA4B93BDD62DED /* GizWifiCordovaSDK.m */; };
		9EBF5F7194484039B8B0AFC9 /* CFNetwork.framework in Frameworks */ = {isa = PBXBuildFile; fileRef = 2D9E677F4BAE4216A488AA9F /* CFNetwork.framework */; };
		9F6E8A522C8141848D43624A /* libEasyLink.a in Frameworks */ = {isa = PBXBuildFile; fileRef = 2F711C3B8C0F4C55B6BA4419 /* libEasyLink.a */; };
		A8BAA23B931D4E4BBFA69362 /* CoreLocation.framework in Frameworks */ = {isa = PBXBuildFile; fileRef = A5B9B02290074E9A996CD74B /* CoreLocation.framework */; };
		AFCD4C833C0C48769E2B5F1D /* scannerOverlay.xib in Resources */ = {isa = PBXBuildFile; fileRef = 59244400039D4723AB2F6624 /* scannerOverlay.xib */; };
		B7870B9B6904461E976AD14C /* SystemConfiguration.framework in Frameworks */ = {isa = PBXBuildFile; fileRef = 3E5FE5342B444FE4A154597F /* SystemConfiguration.framework */; };
		BCA393B2BDCF48F89FBD7C13 /* GizWifiDeviceCache.m in Sources */ = {isa = PBXBuildFile; fileRef = 28E40B5D78254B9898C7ABD0 /* GizWifiDeviceCache.m */; };
		C105B4D2A33E4BA9A978B97F /* CDVBarcodeScanner.mm in Sources */ = {isa = PBXBuildFile; fileRef = C17953CE127A49F0BDA8D868 /* CDVBarcodeScanner.mm */; settings = {COMPILER_FLAGS = "-fno-objc-arc"; }; };
		CA1813D2D61D4920AA328E1D /* libz.tbd in Frameworks */ = {isa = PBXBuildFile; fileRef = D0422E29B7EA403FBB523F0A /* libz.tbd */; };
		CC5D4DF3EA8A42738C57229F /* UMPlugin.m in Sources */ = {isa = PBXBuildFile; fileRef = 96D80C2FF5FC443C8ADA49E2 /* UMPlugin.m */; };
		CE585FE1724F48FB8CFB83B5 /* CoreTelephony.framework in Frameworks */ = {isa = PBXBuildFile; fileRef = 55E015C4C0A643F78D05F511 /* CoreTelephony.framework */; };
		D22F83AC06BF4834BA29431D /* AVFoundation.framework in Frameworks */ = {isa = PBXBuildFile; fileRef = 3CF97722BECE411C87FCFCDF /* AVFoundation.framework */; };
		DB0C5E446AE5455AB5BACC9A /* libsqlite3.tbd in Frameworks */ = {isa = PBXBuildFile; fileRef = 760CE2432EFD40538D973081 /* libsqlite3.tbd */; };
		E3AC1BCEB0E2450CB9B5017B /* ImageIO.framework in Frameworks */ = {isa = PBXBuildFile; fileRef = B95A1134D63143A1B62E3A34 /* ImageIO.framework */; };
		E3DDCD49730149B49A70E2F0 /* MediaPlayer.framework in Frameworks */ = {isa = PBXBuildFile; fileRef = F924E6FCFFFC4C49984A7324 /* MediaPlayer.framework */; };
		F132380F8F5F46DF9706514A /* AppAvailability.m in Sources */ = {isa = PBXBuildFile; fileRef = 203C828DB0B649BE9C019CF4 /* AppAvailability.m */; };
		F5A99416993748398B092A0D /* CDVReachability.m in Sources */ = {isa = PBXBuildFile; fileRef = 828BA760568C4E6A9261923C /* CDVReachability.m */; };
		FC6438CE18BB4BF4B2D8DF76 /* IonicKeyboard.m in Sources */ = {isa = PBXBuildFile; fileRef = B302DAEF338C4E679948717A /* IonicKeyboard.m */; };
		FFEA028A91BA4156B3C90F83 /* Security.framework in Frameworks */ = {isa = PBXBuildFile; fileRef = 5EDE265ABA4F4356B6CFBA56 /* Security.framework */; };
/* End PBXBuildFile section */

/* Begin PBXContainerItemProxy section */
		301BF534109A57CC0062928A /* PBXContainerItemProxy */ = {
			isa = PBXContainerItemProxy;
			containerPortal = 301BF52D109A57CC0062928A /* CordovaLib/CordovaLib.xcodeproj */;
			proxyType = 2;
			remoteGlobalIDString = D2AAC07E0554694100DB518D;
			remoteInfo = CordovaLib;
		};
		301BF550109A68C00062928A /* PBXContainerItemProxy */ = {
			isa = PBXContainerItemProxy;
			containerPortal = 301BF52D109A57CC0062928A /* CordovaLib/CordovaLib.xcodeproj */;
			proxyType = 1;
			remoteGlobalIDString = D2AAC07D0554694100DB518D;
			remoteInfo = CordovaLib;
		};
		35B8EC801F1C863100426AE4 /* PBXContainerItemProxy */ = {
			isa = PBXContainerItemProxy;
			containerPortal = 301BF52D109A57CC0062928A /* CordovaLib/CordovaLib.xcodeproj */;
			proxyType = 2;
			remoteGlobalIDString = C0C01EB21E3911D50056E6CB;
			remoteInfo = Cordova;
		};
/* End PBXContainerItemProxy section */

/* Begin PBXFileReference section */
		0207DA571B56EA530066E2B4 /* Images.xcassets */ = {isa = PBXFileReference; lastKnownFileType = folder.assetcatalog; name = Images.xcassets; path = HelloCordova/Images.xcassets; sourceTree = SOURCE_ROOT; };
		0243907804774F1D89F487CF /* GizWifiDeviceModule.h */ = {isa = PBXFileReference; explicitFileType = undefined; fileEncoding = 4; includeInIndex = 0; lastKnownFileType = sourcecode.c.h; name = GizWifiDeviceModule.h; path = com.gizwits.cordova.wifi/GizWifiDeviceModule.h; sourceTree = "<group>"; };
		0604B5DBE1DF4CFE9B26E69C /* GizWifiDef.m */ = {isa = PBXFileReference; explicitFileType = undefined; fileEncoding = 4; includeInIndex = 0; lastKnownFileType = sourcecode.c.objc; name = GizWifiDef.m; path = com.gizwits.cordova.wifi/GizWifiDef.m; sourceTree = "<group>"; };
		09D0F0E4F47A49B9966DFE36 /* CDVDevice.h */ = {isa = PBXFileReference; explicitFileType = undefined; fileEncoding = 4; includeInIndex = 0; lastKnownFileType = sourcecode.c.h; name = CDVDevice.h; path = "cordova-plugin-device/CDVDevice.h"; sourceTree = "<group>"; };
		0F29037FF9014462BD6046C6 /* GizMessage.h */ = {isa = PBXFileReference; explicitFileType = undefined; fileEncoding = 4; includeInIndex = 0; lastKnownFileType = sourcecode.c.h; name = GizMessage.h; path = com.gizwits.cordova.wifi/GizMessage.h; sourceTree = "<group>"; };
		0F6A2E37BFAC449194BC5E82 /* NSDictionaryUtils.m */ = {isa = PBXFileReference; explicitFileType = undefined; fileEncoding = 4; includeInIndex = 0; lastKnownFileType = sourcecode.c.objc; name = NSDictionaryUtils.m; path = com.gizwits.cordova.wifi/NSDictionaryUtils.m; sourceTree = "<group>"; };
		1238A60F8E9E456F985BD94D /* zxing-all-in-one.h */ = {isa = PBXFileReference; explicitFileType = undefined; fileEncoding = 4; includeInIndex = 0; lastKnownFileType = sourcecode.c.h; name = "zxing-all-in-one.h"; path = "phonegap-plugin-barcodescanner/zxing-all-in-one.h"; sourceTree = "<group>"; };
		18A57CABE1E34171B852A891 /* GizWifiSDK.a */ = {isa = PBXFileReference; explicitFileType = undefined; fileEncoding = 9; includeInIndex = 0; lastKnownFileType = archive.ar; name = GizWifiSDK.a; path = HelloCordova/Plugins/com.gizwits.cordova.wifi/GizWifiSDK.a; sourceTree = "<group>"; };
		1C232D11455A40B6909E14A8 /* CDVReachability.h */ = {isa = PBXFileReference; explicitFileType = undefined; fileEncoding = 4; includeInIndex = 0; lastKnownFileType = sourcecode.c.h; name = CDVReachability.h; path = "cordova-plugin-network-information/CDVReachability.h"; sourceTree = "<group>"; };
		1D3623240D0F684500981E51 /* AppDelegate.h */ = {isa = PBXFileReference; fileEncoding = 4; lastKnownFileType = sourcecode.c.h; path = AppDelegate.h; sourceTree = "<group>"; };
		1D3623250D0F684500981E51 /* AppDelegate.m */ = {isa = PBXFileReference; fileEncoding = 4; lastKnownFileType = sourcecode.c.objc; path = AppDelegate.m; sourceTree = "<group>"; };
		1D6058910D05DD3D006BFB54 /* HelloCordova.app */ = {isa = PBXFileReference; explicitFileType = wrapper.application; includeInIndex = 0; path = HelloCordova.app; sourceTree = BUILT_PRODUCTS_DIR; };
		203C828DB0B649BE9C019CF4 /* AppAvailability.m */ = {isa = PBXFileReference; explicitFileType = undefined; fileEncoding = 4; includeInIndex = 0; lastKnownFileType = sourcecode.c.objc; name = AppAvailability.m; path = "cordova-plugin-appavailability/AppAvailability.m"; sourceTree = "<group>"; };
		28E40B5D78254B9898C7ABD0 /* GizWifiDeviceCache.m */ = {isa = PBXFileReference; explicitFileType = undefined; fileEncoding = 4; includeInIndex = 0; lastKnownFileType = sourcecode.c.objc; name = GizWifiDeviceCache.m; path = com.gizwits.cordova.wifi/GizWifiDeviceCache.m; sourceTree = "<group>"; };
		29B97316FDCFA39411CA2CEA /* main.m */ = {isa = PBXFileReference; fileEncoding = 4; lastKnownFileType = sourcecode.c.objc; path = main.m; sourceTree = "<group>"; };
		2D9E677F4BAE4216A488AA9F /* CFNetwork.framework */ = {isa = PBXFileReference; explicitFileType = undefined; fileEncoding = 9; includeInIndex = 0; lastKnownFileType = wrapper.framework; name = CFNetwork.framework; path = System/Library/Frameworks/CFNetwork.framework; sourceTree = SDKROOT; };
		2F711C3B8C0F4C55B6BA4419 /* libEasyLink.a */ = {isa = PBXFileReference; explicitFileType = undefined; fileEncoding = 9; includeInIndex = 0; lastKnownFileType = archive.ar; name = libEasyLink.a; path = HelloCordova/Plugins/com.gizwits.cordova.wifi/libEasyLink.a; sourceTree = "<group>"; };
		301BF52D109A57CC0062928A /* CordovaLib/CordovaLib.xcodeproj */ = {isa = PBXFileReference; lastKnownFileType = "wrapper.pb-project"; path = CordovaLib/CordovaLib.xcodeproj; sourceTree = "<group>"; };
		301BF56E109A69640062928A /* www */ = {isa = PBXFileReference; lastKnownFileType = folder; path = www; sourceTree = SOURCE_ROOT; };
		302D95EE14D2391D003F00A1 /* MainViewController.h */ = {isa = PBXFileReference; fileEncoding = 4; lastKnownFileType = sourcecode.c.h; path = MainViewController.h; sourceTree = "<group>"; };
		302D95EF14D2391D003F00A1 /* MainViewController.m */ = {isa = PBXFileReference; fileEncoding = 4; lastKnownFileType = sourcecode.c.objc; path = MainViewController.m; sourceTree = "<group>"; };
		302D95F014D2391D003F00A1 /* MainViewController.xib */ = {isa = PBXFileReference; fileEncoding = 4; lastKnownFileType = file.xib; path = MainViewController.xib; sourceTree = "<group>"; };
		3047A50F1AB8059700498E2A /* build-debug.xcconfig */ = {isa = PBXFileReference; fileEncoding = 4; lastKnownFileType = text.xcconfig; name = "build-debug.xcconfig"; path = "cordova/build-debug.xcconfig"; sourceTree = SOURCE_ROOT; };
		3047A5101AB8059700498E2A /* build-release.xcconfig */ = {isa = PBXFileReference; fileEncoding = 4; lastKnownFileType = text.xcconfig; name = "build-release.xcconfig"; path = "cordova/build-release.xcconfig"; sourceTree = SOURCE_ROOT; };
		3047A5111AB8059700498E2A /* build.xcconfig */ = {isa = PBXFileReference; fileEncoding = 4; lastKnownFileType = text.xcconfig; name = build.xcconfig; path = cordova/build.xcconfig; sourceTree = SOURCE_ROOT; };
		317980969F8D43A4BC3C070B /* CDVBarcodeScanner.bundle */ = {isa = PBXFileReference; explicitFileType = undefined; fileEncoding = 9; includeInIndex = 0; lastKnownFileType = "wrapper.plug-in"; path = CDVBarcodeScanner.bundle; sourceTree = "<group>"; };
		31AABB28C3044720A9ADEEE3 /* GizWifiDef.h */ = {isa = PBXFileReference; explicitFileType = undefined; fileEncoding = 4; includeInIndex = 0; lastKnownFileType = sourcecode.c.h; name = GizWifiDef.h; path = com.gizwits.cordova.wifi/GizWifiDef.h; sourceTree = "<group>"; };
		326760FE6BFB489FA387250C /* IonicKeyboard.h */ = {isa = PBXFileReference; explicitFileType = undefined; fileEncoding = 4; includeInIndex = 0; lastKnownFileType = sourcecode.c.h; name = IonicKeyboard.h; path = "ionic-plugin-keyboard/IonicKeyboard.h"; sourceTree = "<group>"; };
		32CA4F630368D1EE00C91783 /* HelloCordova-Prefix.pch */ = {isa = PBXFileReference; fileEncoding = 4; lastKnownFileType = sourcecode.c.h; path = "HelloCordova-Prefix.pch"; sourceTree = "<group>"; };
		3334A4EA2B19469888A05486 /* GizWifiCacheCommon.m */ = {isa = PBXFileReference; explicitFileType = undefined; fileEncoding = 4; includeInIndex = 0; lastKnownFileType = sourcecode.c.objc; name = GizWifiCacheCommon.m; path = com.gizwits.cordova.wifi/GizWifiCacheCommon.m; sourceTree = "<group>"; };
		33D68D32418E4CE1BA65EDB0 /* AudioToolbox.framework */ = {isa = PBXFileReference; explicitFileType = undefined; fileEncoding = 9; includeInIndex = 0; lastKnownFileType = wrapper.framework; name = AudioToolbox.framework; path = System/Library/Frameworks/AudioToolbox.framework; sourceTree = SDKROOT; };
		3513498D3AB1441685031A34 /* GizWifiSDKCache.h */ = {isa = PBXFileReference; explicitFileType = undefined; fileEncoding = 4; includeInIndex = 0; lastKnownFileType = sourcecode.c.h; name = GizWifiSDKCache.h; path = com.gizwits.cordova.wifi/GizWifiSDKCache.h; sourceTree = "<group>"; };
		35B8EC841F1C868200426AE4 /* UMMobClick.framework */ = {isa = PBXFileReference; lastKnownFileType = wrapper.framework; path = UMMobClick.framework; sourceTree = "<group>"; };
		3839700D963241E084AA30D0 /* UIKit.framework */ = {isa = PBXFileReference; explicitFileType = undefined; fileEncoding = 9; includeInIndex = 0; lastKnownFileType = wrapper.framework; name = UIKit.framework; path = System/Library/Frameworks/UIKit.framework; sourceTree = SDKROOT; };
		3A5ADD91EDA743EB8CFE01CD /* libLibSimpleConfig.a */ = {isa = PBXFileReference; explicitFileType = undefined; fileEncoding = 9; includeInIndex = 0; lastKnownFileType = archive.ar; name = libLibSimpleConfig.a; path = HelloCordova/Plugins/com.gizwits.cordova.wifi/libLibSimpleConfig.a; sourceTree = "<group>"; };
		3CF97722BECE411C87FCFCDF /* AVFoundation.framework */ = {isa = PBXFileReference; explicitFileType = undefined; fileEncoding = 9; includeInIndex = 0; lastKnownFileType = wrapper.framework; name = AVFoundation.framework; path = System/Library/Frameworks/AVFoundation.framework; sourceTree = SDKROOT; };
		3E5FE5342B444FE4A154597F /* SystemConfiguration.framework */ = {isa = PBXFileReference; explicitFileType = undefined; fileEncoding = 9; includeInIndex = 0; lastKnownFileType = wrapper.framework; name = SystemConfiguration.framework; path = System/Library/Frameworks/SystemConfiguration.framework; sourceTree = SDKROOT; };
		3E9A548E6FDB4825B7EE3E28 /* GizUtil.h */ = {isa = PBXFileReference; explicitFileType = undefined; fileEncoding = 4; includeInIndex = 0; lastKnownFileType = sourcecode.c.h; name = GizUtil.h; path = com.gizwits.cordova.wifi/GizUtil.h; sourceTree = "<group>"; };
		3EA7508804AC43C7ADA103D8 /* CDVSplashScreen.m */ = {isa = PBXFileReference; explicitFileType = undefined; fileEncoding = 4; includeInIndex = 0; lastKnownFileType = sourcecode.c.objc; name = CDVSplashScreen.m; path = "cordova-plugin-splashscreen/CDVSplashScreen.m"; sourceTree = "<group>"; };
		40A6552F3FFC487EBFC1ADA4 /* CDVConnection.h */ = {isa = PBXFileReference; explicitFileType = undefined; fileEncoding = 4; includeInIndex = 0; lastKnownFileType = sourcecode.c.h; name = CDVConnection.h; path = "cordova-plugin-network-information/CDVConnection.h"; sourceTree = "<group>"; };
		460F9D19AA06401EB02F6B2C /* libcrypto.a */ = {isa = PBXFileReference; explicitFileType = undefined; fileEncoding = 9; includeInIndex = 0; lastKnownFileType = archive.ar; name = libcrypto.a; path = HelloCordova/Plugins/com.gizwits.cordova.wifi/libcrypto.a; sourceTree = "<group>"; };
		4C3AF56B9A644F21B99C2AF0 /* libWMOneShotConfig.a */ = {isa = PBXFileReference; explicitFileType = undefined; fileEncoding = 9; includeInIndex = 0; lastKnownFileType = archive.ar; name = libWMOneShotConfig.a; path = HelloCordova/Plugins/com.gizwits.cordova.wifi/libWMOneShotConfig.a; sourceTree = "<group>"; };
		4CEF5D3DEDF945E982633482 /* GizDeviceSchedulerCenter.h */ = {isa = PBXFileReference; explicitFileType = undefined; fileEncoding = 4; includeInIndex = 0; lastKnownFileType = sourcecode.c.h; name = GizDeviceSchedulerCenter.h; path = com.gizwits.cordova.wifi/GizDeviceSchedulerCenter.h; sourceTree = "<group>"; };
		4E98F693FA5F480286BE4545 /* UMPlugin.h */ = {isa = PBXFileReference; explicitFileType = undefined; fileEncoding = 4; includeInIndex = 0; lastKnownFileType = sourcecode.c.h; name = UMPlugin.h; path = Umeng/UMPlugin.h; sourceTree = "<group>"; };
		4F44AB390ACE43B4826FC1A2 /* libssl.a */ = {isa = PBXFileReference; explicitFileType = undefined; fileEncoding = 9; includeInIndex = 0; lastKnownFileType = archive.ar; name = libssl.a; path = HelloCordova/Plugins/com.gizwits.cordova.wifi/libssl.a; sourceTree = "<group>"; };
		517AE8C3F01349F9B78D92FC /* GizWifiDevice.h */ = {isa = PBXFileReference; explicitFileType = undefined; fileEncoding = 4; includeInIndex = 0; lastKnownFileType = sourcecode.c.h; name = GizWifiDevice.h; path = com.gizwits.cordova.wifi/GizWifiDevice.h; sourceTree = "<group>"; };
		55E015C4C0A643F78D05F511 /* CoreTelephony.framework */ = {isa = PBXFileReference; explicitFileType = undefined; fileEncoding = 9; includeInIndex = 0; lastKnownFileType = wrapper.framework; name = CoreTelephony.framework; path = System/Library/Frameworks/CoreTelephony.framework; sourceTree = SDKROOT; };
		55FC922E3B8545799C8F87E4 /* GizWifiDeviceModule.m */ = {isa = PBXFileReference; explicitFileType = undefined; fileEncoding = 4; includeInIndex = 0; lastKnownFileType = sourcecode.c.objc; name = GizWifiDeviceModule.m; path = com.gizwits.cordova.wifi/GizWifiDeviceModule.m; sourceTree = "<group>"; };
		589220F47CC94AEEB7B369B4 /* GizWifiSDK.h */ = {isa = PBXFileReference; explicitFileType = undefined; fileEncoding = 4; includeInIndex = 0; lastKnownFileType = sourcecode.c.h; name = GizWifiSDK.h; path = com.gizwits.cordova.wifi/GizWifiSDK.h; sourceTree = "<group>"; };
		59244400039D4723AB2F6624 /* scannerOverlay.xib */ = {isa = PBXFileReference; explicitFileType = undefined; fileEncoding = 9; includeInIndex = 0; lastKnownFileType = file.xib; path = scannerOverlay.xib; sourceTree = "<group>"; };
		5B2767697AAC425EB91F9146 /* libBLEasyConfig.a */ = {isa = PBXFileReference; explicitFileType = undefined; fileEncoding = 9; includeInIndex = 0; lastKnownFileType = archive.ar; name = libBLEasyConfig.a; path = HelloCordova/Plugins/com.gizwits.cordova.wifi/libBLEasyConfig.a; sourceTree = "<group>"; };
		5D61B003620946A1BE5ABD63 /* GizDeviceScheduler.h */ = {isa = PBXFileReference; explicitFileType = undefined; fileEncoding = 4; includeInIndex = 0; lastKnownFileType = sourcecode.c.h; name = GizDeviceScheduler.h; path = com.gizwits.cordova.wifi/GizDeviceScheduler.h; sourceTree = "<group>"; };
		5EDE265ABA4F4356B6CFBA56 /* Security.framework */ = {isa = PBXFileReference; explicitFileType = undefined; fileEncoding = 9; includeInIndex = 0; lastKnownFileType = wrapper.framework; name = Security.framework; path = System/Library/Frameworks/Security.framework; sourceTree = SDKROOT; };
		630C4F33D09A4FEA8611F4BB /* QuickLook.framework */ = {isa = PBXFileReference; explicitFileType = undefined; fileEncoding = 9; includeInIndex = 0; lastKnownFileType = wrapper.framework; name = QuickLook.framework; path = System/Library/Frameworks/QuickLook.framework; sourceTree = SDKROOT; };
		633493A39C824ECE9DC7FFB6 /* GizDeviceGroup.h */ = {isa = PBXFileReference; explicitFileType = undefined; fileEncoding = 4; includeInIndex = 0; lastKnownFileType = sourcecode.c.h; name = GizDeviceGroup.h; path = com.gizwits.cordova.wifi/GizDeviceGroup.h; sourceTree = "<group>"; };
		635E44A202C742CFA683D78A /* zxing-all-in-one.cpp */ = {isa = PBXFileReference; explicitFileType = undefined; fileEncoding = 9; includeInIndex = 0; lastKnownFileType = unknown; name = "zxing-all-in-one.cpp"; path = "phonegap-plugin-barcodescanner/zxing-all-in-one.cpp"; sourceTree = "<group>"; };
		65D7DFEE144D4C0C82FED3C4 /* CDVStatusBar.h */ = {isa = PBXFileReference; explicitFileType = undefined; fileEncoding = 4; includeInIndex = 0; lastKnownFileType = sourcecode.c.h; name = CDVStatusBar.h; path = "cordova-plugin-statusbar/CDVStatusBar.h"; sourceTree = "<group>"; };
		6AFF5BF81D6E424B00AB3073 /* CDVLaunchScreen.storyboard */ = {isa = PBXFileReference; fileEncoding = 4; lastKnownFileType = file.storyboard; name = CDVLaunchScreen.storyboard; path = HelloCordova/CDVLaunchScreen.storyboard; sourceTree = SOURCE_ROOT; };
		6CDF2B653EB84F5EB2C9E3DC /* CoreVideo.framework */ = {isa = PBXFileReference; explicitFileType = undefined; fileEncoding = 9; includeInIndex = 0; lastKnownFileType = wrapper.framework; name = CoreVideo.framework; path = System/Library/Frameworks/CoreVideo.framework; sourceTree = SDKROOT; };
		6E5CC00306D94A89B78C139F /* GizUserInfo.h */ = {isa = PBXFileReference; explicitFileType = undefined; fileEncoding = 4; includeInIndex = 0; lastKnownFileType = sourcecode.c.h; name = GizUserInfo.h; path = com.gizwits.cordova.wifi/GizUserInfo.h; sourceTree = "<group>"; };
		6F7A275AC88A43BAA79D597C /* CoreImage.framework */ = {isa = PBXFileReference; explicitFileType = undefined; fileEncoding = 9; includeInIndex = 0; lastKnownFileType = wrapper.framework; name = CoreImage.framework; path = System/Library/Frameworks/CoreImage.framework; sourceTree = SDKROOT; };
		6FA993A6B42C4EE1ADE9278C /* GizDeviceScene.h */ = {isa = PBXFileReference; explicitFileType = undefined; fileEncoding = 4; includeInIndex = 0; lastKnownFileType = sourcecode.c.h; name = GizDeviceScene.h; path = com.gizwits.cordova.wifi/GizDeviceScene.h; sourceTree = "<group>"; };
		7266FDE4A28C49A9901E0634 /* GizWifiDefinitions.h */ = {isa = PBXFileReference; explicitFileType = undefined; fileEncoding = 4; includeInIndex = 0; lastKnownFileType = sourcecode.c.h; name = GizWifiDefinitions.h; path = com.gizwits.cordova.wifi/GizWifiDefinitions.h; sourceTree = "<group>"; };
		760CE2432EFD40538D973081 /* libsqlite3.tbd */ = {isa = PBXFileReference; explicitFileType = undefined; fileEncoding = 9; includeInIndex = 0; lastKnownFileType = "sourcecode.text-based-dylib-definition"; name = libsqlite3.tbd; path = usr/lib/libsqlite3.tbd; sourceTree = SDKROOT; };
		773ECDD7FBB94DE38F747D06 /* QuartzCore.framework */ = {isa = PBXFileReference; explicitFileType = undefined; fileEncoding = 9; includeInIndex = 0; lastKnownFileType = wrapper.framework; name = QuartzCore.framework; path = System/Library/Frameworks/QuartzCore.framework; sourceTree = SDKROOT; };
		780FF3B04F7C45DE8599D036 /* GizDeviceSharing.h */ = {isa = PBXFileReference; explicitFileType = undefined; fileEncoding = 4; includeInIndex = 0; lastKnownFileType = sourcecode.c.h; name = GizDeviceSharing.h; path = com.gizwits.cordova.wifi/GizDeviceSharing.h; sourceTree = "<group>"; };
		828BA760568C4E6A9261923C /* CDVReachability.m */ = {isa = PBXFileReference; explicitFileType = undefined; fileEncoding = 4; includeInIndex = 0; lastKnownFileType = sourcecode.c.objc; name = CDVReachability.m; path = "cordova-plugin-network-information/CDVReachability.m"; sourceTree = "<group>"; };
		854A0253AD5A4633B5ABB250 /* CDVConnection.m */ = {isa = PBXFileReference; explicitFileType = undefined; fileEncoding = 4; includeInIndex = 0; lastKnownFileType = sourcecode.c.objc; name = CDVConnection.m; path = "cordova-plugin-network-information/CDVConnection.m"; sourceTree = "<group>"; };
		857CC5C654324D7C861DC717 /* AppAvailability.h */ = {isa = PBXFileReference; explicitFileType = undefined; fileEncoding = 4; includeInIndex = 0; lastKnownFileType = sourcecode.c.h; name = AppAvailability.h; path = "cordova-plugin-appavailability/AppAvailability.h"; sourceTree = "<group>"; };
		86604597E4F7498ABA782FA5 /* CDVViewController+SplashScreen.m */ = {isa = PBXFileReference; explicitFileType = undefined; fileEncoding = 4; includeInIndex = 0; lastKnownFileType = sourcecode.c.objc; name = "CDVViewController+SplashScreen.m"; path = "cordova-plugin-splashscreen/CDVViewController+SplashScreen.m"; sourceTree = "<group>"; };
		88EBB1E464F94D269237F109 /* GizDeviceSceneItem.h */ = {isa = PBXFileReference; explicitFileType = undefined; fileEncoding = 4; includeInIndex = 0; lastKnownFileType = sourcecode.c.h; name = GizDeviceSceneItem.h; path = com.gizwits.cordova.wifi/GizDeviceSceneItem.h; sourceTree = "<group>"; };
		8D1107310486CEB800E47090 /* HelloCordova-Info.plist */ = {isa = PBXFileReference; fileEncoding = 4; lastKnownFileType = text.plist.xml; name = "HelloCordova-Info.plist"; path = "HelloCordova/HelloCordova-Info.plist"; plistStructureDefinitionIdentifier = "com.apple.xcode.plist.structure-definition.iphone.info-plist"; sourceTree = SOURCE_ROOT; };
		94A11C9C65B94D8FB6597EFB /* GizWifiSubDevice.h */ = {isa = PBXFileReference; explicitFileType = undefined; fileEncoding = 4; includeInIndex = 0; lastKnownFileType = sourcecode.c.h; name = GizWifiSubDevice.h; path = com.gizwits.cordova.wifi/GizWifiSubDevice.h; sourceTree = "<group>"; };
		96D80C2FF5FC443C8ADA49E2 /* UMPlugin.m */ = {isa = PBXFileReference; explicitFileType = undefined; fileEncoding = 4; includeInIndex = 0; lastKnownFileType = sourcecode.c.objc; name = UMPlugin.m; path = Umeng/UMPlugin.m; sourceTree = "<group>"; };
		9785AA8A12A04744B684A8DC /* CDVVibration.h */ = {isa = PBXFileReference; explicitFileType = undefined; fileEncoding = 4; includeInIndex = 0; lastKnownFileType = sourcecode.c.h; name = CDVVibration.h; path = "cordova-plugin-vibration/CDVVibration.h"; sourceTree = "<group>"; };
		A0B6C75D35394898ACF1E037 /* GizWifiGroup.h */ = {isa = PBXFileReference; explicitFileType = undefined; fileEncoding = 4; includeInIndex = 0; lastKnownFileType = sourcecode.c.h; name = GizWifiGroup.h; path = com.gizwits.cordova.wifi/GizWifiGroup.h; sourceTree = "<group>"; };
		A5B9B02290074E9A996CD74B /* CoreLocation.framework */ = {isa = PBXFileReference; explicitFileType = undefined; fileEncoding = 9; includeInIndex = 0; lastKnownFileType = wrapper.framework; name = CoreLocation.framework; path = System/Library/Frameworks/CoreLocation.framework; sourceTree = SDKROOT; };
		A6473CE182134E789BB4943E /* libEsptouch_v0.3.5.2.a */ = {isa = PBXFileReference; explicitFileType = undefined; fileEncoding = 9; includeInIndex = 0; lastKnownFileType = archive.ar; name = libEsptouch_v0.3.5.2.a; path = HelloCordova/Plugins/com.gizwits.cordova.wifi/libEsptouch_v0.3.5.2.a; sourceTree = "<group>"; };
		A98D8CBEEB2C434F96180C0E /* CoreData.framework */ = {isa = PBXFileReference; explicitFileType = undefined; fileEncoding = 9; includeInIndex = 0; lastKnownFileType = wrapper.framework; name = CoreData.framework; path = System/Library/Frameworks/CoreData.framework; sourceTree = SDKROOT; };
		ABF0831BE3E0482D8FCE64AD /* GizWifiSDKCache.m */ = {isa = PBXFileReference; explicitFileType = undefined; fileEncoding = 4; includeInIndex = 0; lastKnownFileType = sourcecode.c.objc; name = GizWifiSDKCache.m; path = com.gizwits.cordova.wifi/GizWifiSDKCache.m; sourceTree = "<group>"; };
		AC287DD55CD94D0783AE2C50 /* NXWWifiWizard.h */ = {isa = PBXFileReference; explicitFileType = undefined; fileEncoding = 4; includeInIndex = 0; lastKnownFileType = sourcecode.c.h; name = NXWWifiWizard.h; path = com.pylonproducts.wifiwizard/NXWWifiWizard.h; sourceTree = "<group>"; };
		B302DAEF338C4E679948717A /* IonicKeyboard.m */ = {isa = PBXFileReference; explicitFileType = undefined; fileEncoding = 4; includeInIndex = 0; lastKnownFileType = sourcecode.c.objc; name = IonicKeyboard.m; path = "ionic-plugin-keyboard/IonicKeyboard.m"; sourceTree = "<group>"; };
		B5A212C3BC59415CBDD676F3 /* libiconv.dylib */ = {isa = PBXFileReference; explicitFileType = undefined; fileEncoding = 9; includeInIndex = 0; lastKnownFileType = "compiled.mach-o.dylib"; name = libiconv.dylib; path = usr/lib/libiconv.dylib; sourceTree = SDKROOT; };
		B5E1220E62F54AEA90C9F0D8 /* GizDeviceSharingInfo.h */ = {isa = PBXFileReference; explicitFileType = undefined; fileEncoding = 4; includeInIndex = 0; lastKnownFileType = sourcecode.c.h; name = GizDeviceSharingInfo.h; path = com.gizwits.cordova.wifi/GizDeviceSharingInfo.h; sourceTree = "<group>"; };
		B95A1134D63143A1B62E3A34 /* ImageIO.framework */ = {isa = PBXFileReference; explicitFileType = undefined; fileEncoding = 9; includeInIndex = 0; lastKnownFileType = wrapper.framework; name = ImageIO.framework; path = System/Library/Frameworks/ImageIO.framework; sourceTree = SDKROOT; };
		BF4DA9088F4842C29B9202FE /* NSDictionaryUtils.h */ = {isa = PBXFileReference; explicitFileType = undefined; fileEncoding = 4; includeInIndex = 0; lastKnownFileType = sourcecode.c.h; name = NSDictionaryUtils.h; path = com.gizwits.cordova.wifi/NSDictionaryUtils.h; sourceTree = "<group>"; };
		C17953CE127A49F0BDA8D868 /* CDVBarcodeScanner.mm */ = {isa = PBXFileReference; explicitFileType = undefined; fileEncoding = 9; includeInIndex = 0; lastKnownFileType = unknown; name = CDVBarcodeScanner.mm; path = "phonegap-plugin-barcodescanner/CDVBarcodeScanner.mm"; sourceTree = "<group>"; };
		C63207B9AB1644DB98CCEC02 /* GizSDKClientLog.h */ = {isa = PBXFileReference; explicitFileType = undefined; fileEncoding = 4; includeInIndex = 0; lastKnownFileType = sourcecode.c.h; name = GizSDKClientLog.h; path = com.gizwits.cordova.wifi/GizSDKClientLog.h; sourceTree = "<group>"; };
		CC48DEBF2DBD4C8FA1781A07 /* CDVSplashScreen.h */ = {isa = PBXFileReference; explicitFileType = undefined; fileEncoding = 4; includeInIndex = 0; lastKnownFileType = sourcecode.c.h; name = CDVSplashScreen.h; path = "cordova-plugin-splashscreen/CDVSplashScreen.h"; sourceTree = "<group>"; };
		CEB1E5BF3103419F8AFF87F0 /* GizWifiCordovaSDK.h */ = {isa = PBXFileReference; explicitFileType = undefined; fileEncoding = 4; includeInIndex = 0; lastKnownFileType = sourcecode.c.h; name = GizWifiCordovaSDK.h; path = com.gizwits.cordova.wifi/GizWifiCordovaSDK.h; sourceTree = "<group>"; };
		D0422E29B7EA403FBB523F0A /* libz.tbd */ = {isa = PBXFileReference; explicitFileType = undefined; fileEncoding = 9; includeInIndex = 0; lastKnownFileType = "sourcecode.text-based-dylib-definition"; name = libz.tbd; path = usr/lib/libz.tbd; sourceTree = SDKROOT; };
		D42A4C4358CA4B93BDD62DED /* GizWifiCordovaSDK.m */ = {isa = PBXFileReference; explicitFileType = undefined; fileEncoding = 4; includeInIndex = 0; lastKnownFileType = sourcecode.c.objc; name = GizWifiCordovaSDK.m; path = com.gizwits.cordova.wifi/GizWifiCordovaSDK.m; sourceTree = "<group>"; };
		D87DF73015D1413A85A1E83F /* GizWifiCentralControlDevice.h */ = {isa = PBXFileReference; explicitFileType = undefined; fileEncoding = 4; includeInIndex = 0; lastKnownFileType = sourcecode.c.h; name = GizWifiCentralControlDevice.h; path = com.gizwits.cordova.wifi/GizWifiCentralControlDevice.h; sourceTree = "<group>"; };
		DB2E74C6C95C41F0A2D78639 /* GizDeviceSchedulerTask.h */ = {isa = PBXFileReference; explicitFileType = undefined; fileEncoding = 4; includeInIndex = 0; lastKnownFileType = sourcecode.c.h; name = GizDeviceSchedulerTask.h; path = com.gizwits.cordova.wifi/GizDeviceSchedulerTask.h; sourceTree = "<group>"; };
		DE74AEC6E8C04F0A8A224B3F /* CDVStatusBar.m */ = {isa = PBXFileReference; explicitFileType = undefined; fileEncoding = 4; includeInIndex = 0; lastKnownFileType = sourcecode.c.objc; name = CDVStatusBar.m; path = "cordova-plugin-statusbar/CDVStatusBar.m"; sourceTree = "<group>"; };
		E34B4931CAD04E6B8454EBC1 /* GizDeviceOTA.h */ = {isa = PBXFileReference; explicitFileType = undefined; fileEncoding = 4; includeInIndex = 0; lastKnownFileType = sourcecode.c.h; name = GizDeviceOTA.h; path = com.gizwits.cordova.wifi/GizDeviceOTA.h; sourceTree = "<group>"; };
		E95DA4F71A41476C85893BA8 /* Foundation.framework */ = {isa = PBXFileReference; explicitFileType = undefined; fileEncoding = 9; includeInIndex = 0; lastKnownFileType = wrapper.framework; name = Foundation.framework; path = System/Library/Frameworks/Foundation.framework; sourceTree = SDKROOT; };
		EAC58027B57A4DBBB63763C3 /* CoreMedia.framework */ = {isa = PBXFileReference; explicitFileType = undefined; fileEncoding = 9; includeInIndex = 0; lastKnownFileType = wrapper.framework; name = CoreMedia.framework; path = System/Library/Frameworks/CoreMedia.framework; sourceTree = SDKROOT; };
		EB87FDF31871DA8E0020F90C /* www */ = {isa = PBXFileReference; lastKnownFileType = folder; name = www; path = ../../www; sourceTree = "<group>"; };
		EB87FDF41871DAF40020F90C /* config.xml */ = {isa = PBXFileReference; lastKnownFileType = text.xml; name = config.xml; path = ../../config.xml; sourceTree = "<group>"; };
		EC4DA3EFFE1846E1B8658C38 /* GizWifiCacheCommon.h */ = {isa = PBXFileReference; explicitFileType = undefined; fileEncoding = 4; includeInIndex = 0; lastKnownFileType = sourcecode.c.h; name = GizWifiCacheCommon.h; path = com.gizwits.cordova.wifi/GizWifiCacheCommon.h; sourceTree = "<group>"; };
		ED33DF2A687741AEAF9F8254 /* Bridging-Header.h */ = {isa = PBXFileReference; fileEncoding = 4; lastKnownFileType = sourcecode.c.h; path = "Bridging-Header.h"; sourceTree = "<group>"; };
		ED8C358201534E5195EE6499 /* MessageUI.framework */ = {isa = PBXFileReference; explicitFileType = undefined; fileEncoding = 9; includeInIndex = 0; lastKnownFileType = wrapper.framework; name = MessageUI.framework; path = System/Library/Frameworks/MessageUI.framework; sourceTree = SDKROOT; };
		EE84B8114A164C769687F34E /* CDVViewController+SplashScreen.h */ = {isa = PBXFileReference; explicitFileType = undefined; fileEncoding = 4; includeInIndex = 0; lastKnownFileType = sourcecode.c.h; name = "CDVViewController+SplashScreen.h"; path = "cordova-plugin-splashscreen/CDVViewController+SplashScreen.h"; sourceTree = "<group>"; };
		F09E4A764CEF47908DC21149 /* GizWifiDeviceCache.h */ = {isa = PBXFileReference; explicitFileType = undefined; fileEncoding = 4; includeInIndex = 0; lastKnownFileType = sourcecode.c.h; name = GizWifiDeviceCache.h; path = com.gizwits.cordova.wifi/GizWifiDeviceCache.h; sourceTree = "<group>"; };
		F0EF33F11232492BBB1845CA /* GizDeviceGroupCenter.h */ = {isa = PBXFileReference; explicitFileType = undefined; fileEncoding = 4; includeInIndex = 0; lastKnownFileType = sourcecode.c.h; name = GizDeviceGroupCenter.h; path = com.gizwits.cordova.wifi/GizDeviceGroupCenter.h; sourceTree = "<group>"; };
		F5F2B1C00F9743788CAFD775 /* CDVVibration.m */ = {isa = PBXFileReference; explicitFileType = undefined; fileEncoding = 4; includeInIndex = 0; lastKnownFileType = sourcecode.c.objc; name = CDVVibration.m; path = "cordova-plugin-vibration/CDVVibration.m"; sourceTree = "<group>"; };
		F77CA76717D24CA7AFBCCB53 /* GizWifiBinary.h */ = {isa = PBXFileReference; explicitFileType = undefined; fileEncoding = 4; includeInIndex = 0; lastKnownFileType = sourcecode.c.h; name = GizWifiBinary.h; path = com.gizwits.cordova.wifi/GizWifiBinary.h; sourceTree = "<group>"; };
		F840E1F0165FE0F500CFE078 /* config.xml */ = {isa = PBXFileReference; lastKnownFileType = text.xml; name = config.xml; path = HelloCordova/config.xml; sourceTree = "<group>"; };
		F924E6FCFFFC4C49984A7324 /* MediaPlayer.framework */ = {isa = PBXFileReference; explicitFileType = undefined; fileEncoding = 9; includeInIndex = 0; lastKnownFileType = wrapper.framework; name = MediaPlayer.framework; path = System/Library/Frameworks/MediaPlayer.framework; sourceTree = SDKROOT; };
		F9904BE29FB34640BBE94218 /* GizDeviceSceneCenter.h */ = {isa = PBXFileReference; explicitFileType = undefined; fileEncoding = 4; includeInIndex = 0; lastKnownFileType = sourcecode.c.h; name = GizDeviceSceneCenter.h; path = com.gizwits.cordova.wifi/GizDeviceSceneCenter.h; sourceTree = "<group>"; };
		FD5EB41871AE4FFEA75FFD4B /* GizWifiSSID.h */ = {isa = PBXFileReference; explicitFileType = undefined; fileEncoding = 4; includeInIndex = 0; lastKnownFileType = sourcecode.c.h; name = GizWifiSSID.h; path = com.gizwits.cordova.wifi/GizWifiSSID.h; sourceTree = "<group>"; };
		FF4E487325984F7D9796CA38 /* CDVDevice.m */ = {isa = PBXFileReference; explicitFileType = undefined; fileEncoding = 4; includeInIndex = 0; lastKnownFileType = sourcecode.c.objc; name = CDVDevice.m; path = "cordova-plugin-device/CDVDevice.m"; sourceTree = "<group>"; };
		FFF885983FBA48409533918C /* NXWWifiWizard.m */ = {isa = PBXFileReference; explicitFileType = undefined; fileEncoding = 4; includeInIndex = 0; lastKnownFileType = sourcecode.c.objc; name = NXWWifiWizard.m; path = com.pylonproducts.wifiwizard/NXWWifiWizard.m; sourceTree = "<group>"; };
/* End PBXFileReference section */

/* Begin PBXFrameworksBuildPhase section */
		1D60588F0D05DD3D006BFB54 /* Frameworks */ = {
			isa = PBXFrameworksBuildPhase;
			buildActionMask = 2147483647;
			files = (
				301BF552109A68D80062928A /* libCordova.a in Frameworks */,
				CE585FE1724F48FB8CFB83B5 /* CoreTelephony.framework in Frameworks */,
				DB0C5E446AE5455AB5BACC9A /* libsqlite3.tbd in Frameworks */,
				CA1813D2D61D4920AA328E1D /* libz.tbd in Frameworks */,
				7A2A940FB66F4C6BB6AEC6EA /* GizWifiSDK.a in Frameworks */,
				28E6EDF5ABF94A03B3F2CEC1 /* libBLEasyConfig.a in Frameworks */,
				92567237277140F094EC5607 /* libcrypto.a in Frameworks */,
				9F6E8A522C8141848D43624A /* libEasyLink.a in Frameworks */,
				13520C5616834322BCAACC4E /* libEsptouch_v0.3.5.2.a in Frameworks */,
				0DDC1EE9E7B94884A4857164 /* libLibSimpleConfig.a in Frameworks */,
				78B6FEA8C374431BAD2B4BB0 /* libssl.a in Frameworks */,
				6AD523EE99C442A19EAEA2B3 /* libWMOneShotConfig.a in Frameworks */,
				A8BAA23B931D4E4BBFA69362 /* CoreLocation.framework in Frameworks */,
				5332298B38114B4A8769CFAC /* QuickLook.framework in Frameworks */,
				E3AC1BCEB0E2450CB9B5017B /* ImageIO.framework in Frameworks */,
				6EC59AA0F44947BBBBEDA6A6 /* CoreVideo.framework in Frameworks */,
				16693ED1545844F38F4AC3BD /* CoreMedia.framework in Frameworks */,
				474022FAD55E4A4582E17C44 /* AudioToolbox.framework in Frameworks */,
				D22F83AC06BF4834BA29431D /* AVFoundation.framework in Frameworks */,
				E3DDCD49730149B49A70E2F0 /* MediaPlayer.framework in Frameworks */,
				9EBF5F7194484039B8B0AFC9 /* CFNetwork.framework in Frameworks */,
				69DB5C7BB6D64CC6A0EE3BF9 /* Foundation.framework in Frameworks */,
				85A9595E46EB4D0BB6C18F61 /* UIKit.framework in Frameworks */,
				FFEA028A91BA4156B3C90F83 /* Security.framework in Frameworks */,
				B7870B9B6904461E976AD14C /* SystemConfiguration.framework in Frameworks */,
				25E62CCBCF7C4447B33AB709 /* CoreData.framework in Frameworks */,
				35B8EC851F1C868200426AE4 /* UMMobClick.framework in Frameworks */,
				6737F4BBE362406BA01E6025 /* MessageUI.framework in Frameworks */,
				99EA14E4C8A54CC7BDC2CEB5 /* libiconv.dylib in Frameworks */,
				91DC850B22CD40AA9BDCE991 /* QuartzCore.framework in Frameworks */,
				67CFBC9D766B4E088DCDC661 /* CoreImage.framework in Frameworks */,
			);
			runOnlyForDeploymentPostprocessing = 0;
		};
/* End PBXFrameworksBuildPhase section */

/* Begin PBXGroup section */
		080E96DDFE201D6D7F000001 /* Classes */ = {
			isa = PBXGroup;
			children = (
				302D95EE14D2391D003F00A1 /* MainViewController.h */,
				302D95EF14D2391D003F00A1 /* MainViewController.m */,
				302D95F014D2391D003F00A1 /* MainViewController.xib */,
				1D3623240D0F684500981E51 /* AppDelegate.h */,
				1D3623250D0F684500981E51 /* AppDelegate.m */,
			);
			name = Classes;
			path = HelloCordova/Classes;
			sourceTree = SOURCE_ROOT;
		};
		19C28FACFE9D520D11CA2CBB /* Products */ = {
			isa = PBXGroup;
			children = (
				1D6058910D05DD3D006BFB54 /* HelloCordova.app */,
			);
			name = Products;
			sourceTree = "<group>";
		};
		29B97314FDCFA39411CA2CEA /* CustomTemplate */ = {
			isa = PBXGroup;
			children = (
				EB87FDF41871DAF40020F90C /* config.xml */,
				EB87FDF31871DA8E0020F90C /* www */,
				EB87FDF11871DA420020F90C /* Staging */,
				301BF52D109A57CC0062928A /* CordovaLib/CordovaLib.xcodeproj */,
				080E96DDFE201D6D7F000001 /* Classes */,
				307C750510C5A3420062BCA9 /* Plugins */,
				29B97315FDCFA39411CA2CEA /* Other Sources */,
				29B97317FDCFA39411CA2CEA /* Resources */,
				29B97323FDCFA39411CA2CEA /* Frameworks */,
				19C28FACFE9D520D11CA2CBB /* Products */,
			);
			name = CustomTemplate;
			sourceTree = "<group>";
		};
		29B97315FDCFA39411CA2CEA /* Other Sources */ = {
			isa = PBXGroup;
			children = (
				32CA4F630368D1EE00C91783 /* HelloCordova-Prefix.pch */,
				29B97316FDCFA39411CA2CEA /* main.m */,
				ED33DF2A687741AEAF9F8254 /* Bridging-Header.h */,
			);
			name = "Other Sources";
			path = HelloCordova;
			sourceTree = "<group>";
		};
		29B97317FDCFA39411CA2CEA /* Resources */ = {
			isa = PBXGroup;
			children = (
				0207DA571B56EA530066E2B4 /* Images.xcassets */,
				3047A50E1AB8057F00498E2A /* config */,
				8D1107310486CEB800E47090 /* HelloCordova-Info.plist */,
				6AFF5BF81D6E424B00AB3073 /* CDVLaunchScreen.storyboard */,
				59244400039D4723AB2F6624 /* scannerOverlay.xib */,
				317980969F8D43A4BC3C070B /* CDVBarcodeScanner.bundle */,
			);
			name = Resources;
			path = HelloCordova/Resources;
			sourceTree = "<group>";
		};
		29B97323FDCFA39411CA2CEA /* Frameworks */ = {
			isa = PBXGroup;
			children = (
				35B8EC841F1C868200426AE4 /* UMMobClick.framework */,
				55E015C4C0A643F78D05F511 /* CoreTelephony.framework */,
				760CE2432EFD40538D973081 /* libsqlite3.tbd */,
				D0422E29B7EA403FBB523F0A /* libz.tbd */,
				18A57CABE1E34171B852A891 /* GizWifiSDK.a */,
				5B2767697AAC425EB91F9146 /* libBLEasyConfig.a */,
				460F9D19AA06401EB02F6B2C /* libcrypto.a */,
				2F711C3B8C0F4C55B6BA4419 /* libEasyLink.a */,
				A6473CE182134E789BB4943E /* libEsptouch_v0.3.5.2.a */,
				3A5ADD91EDA743EB8CFE01CD /* libLibSimpleConfig.a */,
				4F44AB390ACE43B4826FC1A2 /* libssl.a */,
				4C3AF56B9A644F21B99C2AF0 /* libWMOneShotConfig.a */,
				A5B9B02290074E9A996CD74B /* CoreLocation.framework */,
				630C4F33D09A4FEA8611F4BB /* QuickLook.framework */,
				B95A1134D63143A1B62E3A34 /* ImageIO.framework */,
				6CDF2B653EB84F5EB2C9E3DC /* CoreVideo.framework */,
				EAC58027B57A4DBBB63763C3 /* CoreMedia.framework */,
				33D68D32418E4CE1BA65EDB0 /* AudioToolbox.framework */,
				3CF97722BECE411C87FCFCDF /* AVFoundation.framework */,
				F924E6FCFFFC4C49984A7324 /* MediaPlayer.framework */,
				2D9E677F4BAE4216A488AA9F /* CFNetwork.framework */,
				E95DA4F71A41476C85893BA8 /* Foundation.framework */,
				3839700D963241E084AA30D0 /* UIKit.framework */,
				5EDE265ABA4F4356B6CFBA56 /* Security.framework */,
				3E5FE5342B444FE4A154597F /* SystemConfiguration.framework */,
				A98D8CBEEB2C434F96180C0E /* CoreData.framework */,
				ED8C358201534E5195EE6499 /* MessageUI.framework */,
				B5A212C3BC59415CBDD676F3 /* libiconv.dylib */,
				773ECDD7FBB94DE38F747D06 /* QuartzCore.framework */,
				6F7A275AC88A43BAA79D597C /* CoreImage.framework */,
			);
			name = Frameworks;
			sourceTree = "<group>";
		};
		301BF52E109A57CC0062928A /* Products */ = {
			isa = PBXGroup;
			children = (
				301BF535109A57CC0062928A /* libCordova.a */,
				35B8EC811F1C863100426AE4 /* Cordova.framework */,
			);
			name = Products;
			sourceTree = "<group>";
		};
		3047A50E1AB8057F00498E2A /* config */ = {
			isa = PBXGroup;
			children = (
				3047A50F1AB8059700498E2A /* build-debug.xcconfig */,
				3047A5101AB8059700498E2A /* build-release.xcconfig */,
				3047A5111AB8059700498E2A /* build.xcconfig */,
			);
			name = config;
			sourceTree = "<group>";
		};
		307C750510C5A3420062BCA9 /* Plugins */ = {
			isa = PBXGroup;
			children = (
				96D80C2FF5FC443C8ADA49E2 /* UMPlugin.m */,
				4E98F693FA5F480286BE4545 /* UMPlugin.h */,
				0F6A2E37BFAC449194BC5E82 /* NSDictionaryUtils.m */,
				D42A4C4358CA4B93BDD62DED /* GizWifiCordovaSDK.m */,
				55FC922E3B8545799C8F87E4 /* GizWifiDeviceModule.m */,
				0604B5DBE1DF4CFE9B26E69C /* GizWifiDef.m */,
				3334A4EA2B19469888A05486 /* GizWifiCacheCommon.m */,
				ABF0831BE3E0482D8FCE64AD /* GizWifiSDKCache.m */,
				28E40B5D78254B9898C7ABD0 /* GizWifiDeviceCache.m */,
				589220F47CC94AEEB7B369B4 /* GizWifiSDK.h */,
				633493A39C824ECE9DC7FFB6 /* GizDeviceGroup.h */,
				F0EF33F11232492BBB1845CA /* GizDeviceGroupCenter.h */,
				E34B4931CAD04E6B8454EBC1 /* GizDeviceOTA.h */,
				6FA993A6B42C4EE1ADE9278C /* GizDeviceScene.h */,
				F9904BE29FB34640BBE94218 /* GizDeviceSceneCenter.h */,
				88EBB1E464F94D269237F109 /* GizDeviceSceneItem.h */,
				5D61B003620946A1BE5ABD63 /* GizDeviceScheduler.h */,
				4CEF5D3DEDF945E982633482 /* GizDeviceSchedulerCenter.h */,
				DB2E74C6C95C41F0A2D78639 /* GizDeviceSchedulerTask.h */,
				780FF3B04F7C45DE8599D036 /* GizDeviceSharing.h */,
				B5E1220E62F54AEA90C9F0D8 /* GizDeviceSharingInfo.h */,
				0F29037FF9014462BD6046C6 /* GizMessage.h */,
				6E5CC00306D94A89B78C139F /* GizUserInfo.h */,
				F77CA76717D24CA7AFBCCB53 /* GizWifiBinary.h */,
				D87DF73015D1413A85A1E83F /* GizWifiCentralControlDevice.h */,
				7266FDE4A28C49A9901E0634 /* GizWifiDefinitions.h */,
				517AE8C3F01349F9B78D92FC /* GizWifiDevice.h */,
				A0B6C75D35394898ACF1E037 /* GizWifiGroup.h */,
				FD5EB41871AE4FFEA75FFD4B /* GizWifiSSID.h */,
				94A11C9C65B94D8FB6597EFB /* GizWifiSubDevice.h */,
				C63207B9AB1644DB98CCEC02 /* GizSDKClientLog.h */,
				3E9A548E6FDB4825B7EE3E28 /* GizUtil.h */,
				BF4DA9088F4842C29B9202FE /* NSDictionaryUtils.h */,
				CEB1E5BF3103419F8AFF87F0 /* GizWifiCordovaSDK.h */,
				0243907804774F1D89F487CF /* GizWifiDeviceModule.h */,
				31AABB28C3044720A9ADEEE3 /* GizWifiDef.h */,
				EC4DA3EFFE1846E1B8658C38 /* GizWifiCacheCommon.h */,
				3513498D3AB1441685031A34 /* GizWifiSDKCache.h */,
				F09E4A764CEF47908DC21149 /* GizWifiDeviceCache.h */,
				FFF885983FBA48409533918C /* NXWWifiWizard.m */,
				AC287DD55CD94D0783AE2C50 /* NXWWifiWizard.h */,
				203C828DB0B649BE9C019CF4 /* AppAvailability.m */,
				857CC5C654324D7C861DC717 /* AppAvailability.h */,
				FF4E487325984F7D9796CA38 /* CDVDevice.m */,
				09D0F0E4F47A49B9966DFE36 /* CDVDevice.h */,
				854A0253AD5A4633B5ABB250 /* CDVConnection.m */,
				828BA760568C4E6A9261923C /* CDVReachability.m */,
				40A6552F3FFC487EBFC1ADA4 /* CDVConnection.h */,
				1C232D11455A40B6909E14A8 /* CDVReachability.h */,
				3EA7508804AC43C7ADA103D8 /* CDVSplashScreen.m */,
				86604597E4F7498ABA782FA5 /* CDVViewController+SplashScreen.m */,
				CC48DEBF2DBD4C8FA1781A07 /* CDVSplashScreen.h */,
				EE84B8114A164C769687F34E /* CDVViewController+SplashScreen.h */,
				DE74AEC6E8C04F0A8A224B3F /* CDVStatusBar.m */,
				65D7DFEE144D4C0C82FED3C4 /* CDVStatusBar.h */,
				F5F2B1C00F9743788CAFD775 /* CDVVibration.m */,
				9785AA8A12A04744B684A8DC /* CDVVibration.h */,
				B302DAEF338C4E679948717A /* IonicKeyboard.m */,
				326760FE6BFB489FA387250C /* IonicKeyboard.h */,
				C17953CE127A49F0BDA8D868 /* CDVBarcodeScanner.mm */,
				635E44A202C742CFA683D78A /* zxing-all-in-one.cpp */,
				1238A60F8E9E456F985BD94D /* zxing-all-in-one.h */,
			);
			name = Plugins;
			path = HelloCordova/Plugins;
			sourceTree = SOURCE_ROOT;
		};
		EB87FDF11871DA420020F90C /* Staging */ = {
			isa = PBXGroup;
			children = (
				F840E1F0165FE0F500CFE078 /* config.xml */,
				301BF56E109A69640062928A /* www */,
			);
			name = Staging;
			sourceTree = "<group>";
		};
/* End PBXGroup section */

/* Begin PBXNativeTarget section */
		1D6058900D05DD3D006BFB54 /* HelloCordova */ = {
			isa = PBXNativeTarget;
			buildConfigurationList = 1D6058960D05DD3E006BFB54 /* Build configuration list for PBXNativeTarget "HelloCordova" */;
			buildPhases = (
				304B58A110DAC018002A0835 /* Copy www directory */,
				1D60588D0D05DD3D006BFB54 /* Resources */,
				1D60588E0D05DD3D006BFB54 /* Sources */,
				1D60588F0D05DD3D006BFB54 /* Frameworks */,
			);
			buildRules = (
			);
			dependencies = (
				301BF551109A68C00062928A /* PBXTargetDependency */,
			);
			name = HelloCordova;
			productName = HelloCordova;
			productReference = 1D6058910D05DD3D006BFB54 /* HelloCordova.app */;
			productType = "com.apple.product-type.application";
		};
/* End PBXNativeTarget section */

/* Begin PBXProject section */
		29B97313FDCFA39411CA2CEA /* Project object */ = {
			isa = PBXProject;
			attributes = {
				LastUpgradeCheck = 510;
				TargetAttributes = {
					1D6058900D05DD3D006BFB54 = {
						DevelopmentTeam = 4F4JWNAD79;
					};
				};
			};
			buildConfigurationList = C01FCF4E08A954540054247B /* Build configuration list for PBXProject "HelloCordova" */;
			compatibilityVersion = "Xcode 3.2";
			developmentRegion = English;
			hasScannedForEncodings = 1;
			knownRegions = (
				en,
			);
			mainGroup = 29B97314FDCFA39411CA2CEA /* CustomTemplate */;
			projectDirPath = "";
			projectReferences = (
				{
					ProductGroup = 301BF52E109A57CC0062928A /* Products */;
					ProjectRef = 301BF52D109A57CC0062928A /* CordovaLib/CordovaLib.xcodeproj */;
				},
			);
			projectRoot = "";
			targets = (
				1D6058900D05DD3D006BFB54 /* HelloCordova */,
			);
		};
/* End PBXProject section */

/* Begin PBXReferenceProxy section */
		301BF535109A57CC0062928A /* libCordova.a */ = {
			isa = PBXReferenceProxy;
			fileType = archive.ar;
			path = libCordova.a;
			remoteRef = 301BF534109A57CC0062928A /* PBXContainerItemProxy */;
			sourceTree = BUILT_PRODUCTS_DIR;
		};
		35B8EC811F1C863100426AE4 /* Cordova.framework */ = {
			isa = PBXReferenceProxy;
			fileType = wrapper.framework;
			path = Cordova.framework;
			remoteRef = 35B8EC801F1C863100426AE4 /* PBXContainerItemProxy */;
			sourceTree = BUILT_PRODUCTS_DIR;
		};
/* End PBXReferenceProxy section */

/* Begin PBXResourcesBuildPhase section */
		1D60588D0D05DD3D006BFB54 /* Resources */ = {
			isa = PBXResourcesBuildPhase;
			buildActionMask = 2147483647;
			files = (
				302D95F214D2391D003F00A1 /* MainViewController.xib in Resources */,
				0207DA581B56EA530066E2B4 /* Images.xcassets in Resources */,
				6AFF5BF91D6E424B00AB3073 /* CDVLaunchScreen.storyboard in Resources */,
				AFCD4C833C0C48769E2B5F1D /* scannerOverlay.xib in Resources */,
				51ED29F0CC814FEE990DA144 /* CDVBarcodeScanner.bundle in Resources */,
			);
			runOnlyForDeploymentPostprocessing = 0;
		};
/* End PBXResourcesBuildPhase section */

/* Begin PBXShellScriptBuildPhase section */
		304B58A110DAC018002A0835 /* Copy www directory */ = {
			isa = PBXShellScriptBuildPhase;
			buildActionMask = 2147483647;
			files = (
			);
			inputPaths = (
			);
			name = "Copy www directory";
			outputPaths = (
			);
			runOnlyForDeploymentPostprocessing = 0;
			shellPath = /bin/sh;
			shellScript = "NODEJS_PATH=/usr/local/bin; NVM_NODE_PATH=~/.nvm/versions/node/`nvm version 2>/dev/null`/bin; N_NODE_PATH=`find /usr/local/n/versions/node/* -maxdepth 0 -type d 2>/dev/null | tail -1`/bin; XCODE_NODE_PATH=`xcode-select --print-path`/usr/share/xcs/Node/bin; PATH=$NODEJS_PATH:$NVM_NODE_PATH:$N_NODE_PATH:$XCODE_NODE_PATH:$PATH && node cordova/lib/copy-www-build-step.js";
			showEnvVarsInLog = 0;
		};
/* End PBXShellScriptBuildPhase section */

/* Begin PBXSourcesBuildPhase section */
		1D60588E0D05DD3D006BFB54 /* Sources */ = {
			isa = PBXSourcesBuildPhase;
			buildActionMask = 2147483647;
			files = (
				1D60589B0D05DD56006BFB54 /* main.m in Sources */,
				1D3623260D0F684500981E51 /* AppDelegate.m in Sources */,
				302D95F114D2391D003F00A1 /* MainViewController.m in Sources */,
				CC5D4DF3EA8A42738C57229F /* UMPlugin.m in Sources */,
				28899C6A665A47C4AB3D0E2B /* NSDictionaryUtils.m in Sources */,
				9D5A6BD470C9460C82B5DF78 /* GizWifiCordovaSDK.m in Sources */,
				154572A7FA5A496BBF5480A5 /* GizWifiDeviceModule.m in Sources */,
				74B72BCE09C24B4287C5A8B6 /* GizWifiDef.m in Sources */,
				87819F0A6EB3435FA098989D /* GizWifiCacheCommon.m in Sources */,
				3D69EAECA7524EB78859D8EB /* GizWifiSDKCache.m in Sources */,
				BCA393B2BDCF48F89FBD7C13 /* GizWifiDeviceCache.m in Sources */,
				274B7BE35128425E9953288C /* NXWWifiWizard.m in Sources */,
				F132380F8F5F46DF9706514A /* AppAvailability.m in Sources */,
				6432254109064B61B98BCB07 /* CDVDevice.m in Sources */,
				5165DA6BD0F946E5A53DEDE8 /* CDVConnection.m in Sources */,
				F5A99416993748398B092A0D /* CDVReachability.m in Sources */,
				4BBEF18C8E77401A96D577DF /* CDVSplashScreen.m in Sources */,
				60B21FA2E1FC43E8A241F25A /* CDVViewController+SplashScreen.m in Sources */,
				9C1CD19779BC41DCB657914C /* CDVStatusBar.m in Sources */,
				213AB73997354BF49F12BA18 /* CDVVibration.m in Sources */,
				FC6438CE18BB4BF4B2D8DF76 /* IonicKeyboard.m in Sources */,
				C105B4D2A33E4BA9A978B97F /* CDVBarcodeScanner.mm in Sources */,
				14095A60AE31481E8B5622A1 /* zxing-all-in-one.cpp in Sources */,
			);
			runOnlyForDeploymentPostprocessing = 0;
		};
/* End PBXSourcesBuildPhase section */

/* Begin PBXTargetDependency section */
		301BF551109A68C00062928A /* PBXTargetDependency */ = {
			isa = PBXTargetDependency;
			name = CordovaLib;
			targetProxy = 301BF550109A68C00062928A /* PBXContainerItemProxy */;
		};
/* End PBXTargetDependency section */

/* Begin XCBuildConfiguration section */
		1D6058940D05DD3E006BFB54 /* Debug */ = {
			isa = XCBuildConfiguration;
			baseConfigurationReference = 3047A50F1AB8059700498E2A /* build-debug.xcconfig */;
			buildSettings = {
				ALWAYS_SEARCH_USER_PATHS = NO;
				ASSETCATALOG_COMPILER_APPICON_NAME = AppIcon;
				ASSETCATALOG_COMPILER_LAUNCHIMAGE_NAME = LaunchImage;
				CLANG_ENABLE_MODULES = YES;
				CLANG_ENABLE_OBJC_ARC = YES;
				COPY_PHASE_STRIP = NO;
				DEVELOPMENT_TEAM = 4F4JWNAD79;
				FRAMEWORK_SEARCH_PATHS = (
					"$(inherited)",
					"$(PROJECT_DIR)",
				);
				GCC_DYNAMIC_NO_PIC = NO;
				GCC_OPTIMIZATION_LEVEL = 0;
				GCC_PRECOMPILE_PREFIX_HEADER = YES;
				GCC_PREFIX_HEADER = "HelloCordova/HelloCordova-Prefix.pch";
				GCC_THUMB_SUPPORT = NO;
				GCC_VERSION = "";
				INFOPLIST_FILE = "HelloCordova/HelloCordova-Info.plist";
				IPHONEOS_DEPLOYMENT_TARGET = 9.0;
				LD_RUNPATH_SEARCH_PATHS = "@executable_path/Frameworks";
				LIBRARY_SEARCH_PATHS = (
					"$(inherited)",
					"\"$(SRCROOT)/HelloCordova/Plugins/Umeng\"",
					"\"$(SRCROOT)/HelloCordova/Plugins/com.gizwits.cordova.wifi\"",
					"\"$(SRCROOT)/HelloCordova/Plugins/com.gizwits.cordova.wifi\"",
					"\"$(SRCROOT)/HelloCordova/Plugins/com.gizwits.cordova.wifi\"",
					"\"$(SRCROOT)/HelloCordova/Plugins/com.gizwits.cordova.wifi\"",
					"\"$(SRCROOT)/HelloCordova/Plugins/com.gizwits.cordova.wifi\"",
					"\"$(SRCROOT)/HelloCordova/Plugins/com.gizwits.cordova.wifi\"",
					"\"$(SRCROOT)/HelloCordova/Plugins/com.gizwits.cordova.wifi\"",
					"\"$(SRCROOT)/HelloCordova/Plugins/com.gizwits.cordova.wifi\"",
				);
				PRODUCT_NAME = HelloCordova;
				TARGETED_DEVICE_FAMILY = "1,2";
			};
			name = Debug;
		};
		1D6058950D05DD3E006BFB54 /* Release */ = {
			isa = XCBuildConfiguration;
			baseConfigurationReference = 3047A5101AB8059700498E2A /* build-release.xcconfig */;
			buildSettings = {
				ALWAYS_SEARCH_USER_PATHS = NO;
				ASSETCATALOG_COMPILER_APPICON_NAME = AppIcon;
				ASSETCATALOG_COMPILER_LAUNCHIMAGE_NAME = LaunchImage;
				CLANG_ENABLE_MODULES = YES;
				CLANG_ENABLE_OBJC_ARC = YES;
				COPY_PHASE_STRIP = YES;
				DEVELOPMENT_TEAM = 4F4JWNAD79;
				FRAMEWORK_SEARCH_PATHS = (
					"$(inherited)",
					"$(PROJECT_DIR)",
				);
				GCC_PRECOMPILE_PREFIX_HEADER = YES;
				GCC_PREFIX_HEADER = "HelloCordova/HelloCordova-Prefix.pch";
				GCC_THUMB_SUPPORT = NO;
				GCC_VERSION = "";
				INFOPLIST_FILE = "HelloCordova/HelloCordova-Info.plist";
				IPHONEOS_DEPLOYMENT_TARGET = 9.0;
				LD_RUNPATH_SEARCH_PATHS = "@executable_path/Frameworks";
				LIBRARY_SEARCH_PATHS = (
					"$(inherited)",
					"\"$(SRCROOT)/HelloCordova/Plugins/Umeng\"",
					"\"$(SRCROOT)/HelloCordova/Plugins/com.gizwits.cordova.wifi\"",
					"\"$(SRCROOT)/HelloCordova/Plugins/com.gizwits.cordova.wifi\"",
					"\"$(SRCROOT)/HelloCordova/Plugins/com.gizwits.cordova.wifi\"",
					"\"$(SRCROOT)/HelloCordova/Plugins/com.gizwits.cordova.wifi\"",
					"\"$(SRCROOT)/HelloCordova/Plugins/com.gizwits.cordova.wifi\"",
					"\"$(SRCROOT)/HelloCordova/Plugins/com.gizwits.cordova.wifi\"",
					"\"$(SRCROOT)/HelloCordova/Plugins/com.gizwits.cordova.wifi\"",
					"\"$(SRCROOT)/HelloCordova/Plugins/com.gizwits.cordova.wifi\"",
				);
				PRODUCT_NAME = HelloCordova;
				TARGETED_DEVICE_FAMILY = "1,2";
			};
			name = Release;
		};
		C01FCF4F08A954540054247B /* Debug */ = {
			isa = XCBuildConfiguration;
			baseConfigurationReference = 3047A5111AB8059700498E2A /* build.xcconfig */;
			buildSettings = {
				CLANG_ENABLE_MODULES = YES;
				CLANG_ENABLE_OBJC_ARC = YES;
				CLANG_WARN_BOOL_CONVERSION = YES;
				CLANG_WARN_CONSTANT_CONVERSION = YES;
				CLANG_WARN_EMPTY_BODY = YES;
				CLANG_WARN_ENUM_CONVERSION = YES;
				CLANG_WARN_INT_CONVERSION = YES;
				CLANG_WARN__DUPLICATE_METHOD_MATCH = YES;
				GCC_C_LANGUAGE_STANDARD = c99;
				GCC_THUMB_SUPPORT = NO;
				GCC_VERSION = "";
				GCC_WARN_ABOUT_RETURN_TYPE = YES;
				GCC_WARN_UNDECLARED_SELECTOR = YES;
				GCC_WARN_UNINITIALIZED_AUTOS = YES;
				GCC_WARN_UNUSED_FUNCTION = YES;
				GCC_WARN_UNUSED_VARIABLE = YES;
				ONLY_ACTIVE_ARCH = YES;
				SDKROOT = iphoneos;
				SKIP_INSTALL = NO;
			};
			name = Debug;
		};
		C01FCF5008A954540054247B /* Release */ = {
			isa = XCBuildConfiguration;
			baseConfigurationReference = 3047A5111AB8059700498E2A /* build.xcconfig */;
			buildSettings = {
				CLANG_ENABLE_MODULES = YES;
				CLANG_ENABLE_OBJC_ARC = YES;
				CLANG_WARN_BOOL_CONVERSION = YES;
				CLANG_WARN_CONSTANT_CONVERSION = YES;
				CLANG_WARN_EMPTY_BODY = YES;
				CLANG_WARN_ENUM_CONVERSION = YES;
				CLANG_WARN_INT_CONVERSION = YES;
				CLANG_WARN__DUPLICATE_METHOD_MATCH = YES;
				GCC_C_LANGUAGE_STANDARD = c99;
				GCC_THUMB_SUPPORT = NO;
				GCC_VERSION = "";
				GCC_WARN_ABOUT_RETURN_TYPE = YES;
				GCC_WARN_UNDECLARED_SELECTOR = YES;
				GCC_WARN_UNINITIALIZED_AUTOS = YES;
				GCC_WARN_UNUSED_FUNCTION = YES;
				GCC_WARN_UNUSED_VARIABLE = YES;
				SDKROOT = iphoneos;
				SKIP_INSTALL = NO;
			};
			name = Release;
		};
/* End XCBuildConfiguration section */

/* Begin XCConfigurationList section */
		1D6058960D05DD3E006BFB54 /* Build configuration list for PBXNativeTarget "HelloCordova" */ = {
			isa = XCConfigurationList;
			buildConfigurations = (
				1D6058940D05DD3E006BFB54 /* Debug */,
				1D6058950D05DD3E006BFB54 /* Release */,
			);
			defaultConfigurationIsVisible = 0;
			defaultConfigurationName = Release;
		};
		C01FCF4E08A954540054247B /* Build configuration list for PBXProject "HelloCordova" */ = {
			isa = XCConfigurationList;
			buildConfigurations = (
				C01FCF4F08A954540054247B /* Debug */,
				C01FCF5008A954540054247B /* Release */,
			);
			defaultConfigurationIsVisible = 0;
			defaultConfigurationName = Release;
		};
/* End XCConfigurationList section */
	};
	rootObject = 29B97313FDCFA39411CA2CEA /* Project object */;
}
